<?xml version="1.0" encoding="utf-8"?>
<Project ToolsVersion="4.0" xmlns="http://schemas.microsoft.com/developer/msbuild/2003">
  <ItemGroup>
    <Filter Include="Source Files">
      <UniqueIdentifier>{4FC737F1-C7A5-4376-A066-2A32D752A2FF}</UniqueIdentifier>
      <Extensions>cpp;c;cc;cxx;c++;cppm;ixx;def;odl;idl;hpj;bat;asm;asmx</Extensions>
    </Filter>
    <Filter Include="Header Files">
      <UniqueIdentifier>{93995380-89BD-4b04-88EB-625FBE52EBFB}</UniqueIdentifier>
      <Extensions>h;hh;hpp;hxx;h++;hm;inl;inc;ipp;xsd</Extensions>
    </Filter>
    <Filter Include="Resource Files">
      <UniqueIdentifier>{67DA6AB6-F800-4c08-8B7A-83BB121AAD01}</UniqueIdentifier>
      <Extensions>rc;ico;cur;bmp;dlg;rc2;rct;bin;rgs;gif;jpg;jpeg;jpe;resx;tiff;tif;png;wav;mfcribbon-ms</Extensions>
    </Filter>
    <Filter Include="Source Files\Enemies">
      <UniqueIdentifier>{27f3515a-59b1-4320-a9a8-a0a536f171fb}</UniqueIdentifier>
    </Filter>
    <Filter Include="Source Files\Enemies\Components">
      <UniqueIdentifier>{31947588-bb50-46cb-8aba-7fbf96ca204c}</UniqueIdentifier>
    </Filter>
    <Filter Include="Source Files\Player">
      <UniqueIdentifier>{9de3bb91-baaa-4799-8067-056e20bb034b}</UniqueIdentifier>
    </Filter>
    <Filter Include="Source Files\GameObjects">
      <UniqueIdentifier>{8fd399f3-adea-48f2-b04e-61d007d369a6}</UniqueIdentifier>
    </Filter>
    <Filter Include="Source Files\Level">
      <UniqueIdentifier>{0b7ed6fc-58e8-4f47-ae8f-bc03ce1e48c9}</UniqueIdentifier>
    </Filter>
    <Filter Include="Source Files\Player\Components">
      <UniqueIdentifier>{adb9bff3-40e2-472c-80e4-e28a47f12a52}</UniqueIdentifier>
    </Filter>
    <Filter Include="Source Files\DataTypes">
      <UniqueIdentifier>{32cf407f-e1ab-493a-a327-dc152ba8632b}</UniqueIdentifier>
    </Filter>
    <Filter Include="Source Files\Camera">
      <UniqueIdentifier>{2935dbfd-d5da-41b0-96d0-2348cee308ba}</UniqueIdentifier>
    </Filter>
    <Filter Include="Source Files\Game">
      <UniqueIdentifier>{eb28c3ef-739d-40f1-b523-27f683395c0e}</UniqueIdentifier>
    </Filter>
    <Filter Include="Source Files\XPManager">
      <UniqueIdentifier>{9282650b-e063-4442-9f33-847b0b0bd278}</UniqueIdentifier>
    </Filter>
    <Filter Include="Source Files\Hud">
      <UniqueIdentifier>{b689704e-19ad-4f1f-bd4f-173e78a58bd0}</UniqueIdentifier>
    </Filter>
    <Filter Include="Source Files\Particles">
      <UniqueIdentifier>{3ed1ab93-a802-49af-9ffb-e5ed8b162296}</UniqueIdentifier>
    </Filter>
    <Filter Include="Source Files\Save/Load">
      <UniqueIdentifier>{047ea9cd-fdbe-45f6-8a7f-a088fc986711}</UniqueIdentifier>
    </Filter>
    <Filter Include="Source Files\Sounds">
      <UniqueIdentifier>{801bd1df-8c89-424f-b834-1e9c81ed8ad9}</UniqueIdentifier>
    </Filter>
    <Filter Include="Source Files\Credits">
      <UniqueIdentifier>{e0e6e074-f01f-4fa2-b358-8e3a4cd09019}</UniqueIdentifier>
    </Filter>
  </ItemGroup>
  <ItemGroup>
    <ClCompile Include="Core.cpp">
      <Filter>Header Files</Filter>
    </ClCompile>
    <ClCompile Include="main.cpp">
      <Filter>Header Files</Filter>
    </ClCompile>
    <ClCompile Include="Matrix2x3.cpp">
      <Filter>Header Files</Filter>
    </ClCompile>
    <ClCompile Include="pch.cpp">
      <Filter>Header Files</Filter>
    </ClCompile>
    <ClCompile Include="SoundEffect.cpp">
      <Filter>Header Files</Filter>
    </ClCompile>
    <ClCompile Include="SoundStream.cpp">
      <Filter>Header Files</Filter>
    </ClCompile>
    <ClCompile Include="structs.cpp">
      <Filter>Header Files</Filter>
    </ClCompile>
    <ClCompile Include="SVGParser.cpp">
      <Filter>Header Files</Filter>
    </ClCompile>
    <ClCompile Include="Texture.cpp">
      <Filter>Header Files</Filter>
    </ClCompile>
    <ClCompile Include="utils.cpp">
      <Filter>Header Files</Filter>
    </ClCompile>
    <ClCompile Include="Vector2f.cpp">
      <Filter>Header Files</Filter>
    </ClCompile>
    <ClCompile Include="Wosu.cpp">
      <Filter>Source Files\Enemies</Filter>
    </ClCompile>
    <ClCompile Include="Stalfos.cpp">
      <Filter>Source Files\Enemies</Filter>
    </ClCompile>
    <ClCompile Include="IronKnuckle.cpp">
      <Filter>Source Files\Enemies</Filter>
    </ClCompile>
    <ClCompile Include="Enemy.cpp">
      <Filter>Source Files\Enemies</Filter>
    </ClCompile>
    <ClCompile Include="Bubble.cpp">
      <Filter>Source Files\Enemies</Filter>
    </ClCompile>
    <ClCompile Include="Bot.cpp">
      <Filter>Source Files\Enemies</Filter>
    </ClCompile>
    <ClCompile Include="LevelLoader.cpp">
      <Filter>Source Files\Level</Filter>
    </ClCompile>
    <ClCompile Include="IronKnuckleSword.cpp">
      <Filter>Source Files\Enemies\Components</Filter>
    </ClCompile>
    <ClCompile Include="Avatar.cpp">
      <Filter>Source Files\Player</Filter>
    </ClCompile>
    <ClCompile Include="SwordBeam.cpp">
      <Filter>Source Files\Player</Filter>
    </ClCompile>
    <ClCompile Include="GameObject.cpp">
      <Filter>Source Files\GameObjects</Filter>
    </ClCompile>
    <ClCompile Include="FallingFloor.cpp">
      <Filter>Source Files\GameObjects</Filter>
    </ClCompile>
    <ClCompile Include="Elevator.cpp">
      <Filter>Source Files\GameObjects</Filter>
    </ClCompile>
    <ClCompile Include="Door.cpp">
      <Filter>Source Files\GameObjects</Filter>
    </ClCompile>
    <ClCompile Include="Particle.cpp">
      <Filter>Source Files\Particles</Filter>
    </ClCompile>
    <ClCompile Include="ParticleManager.cpp">
      <Filter>Source Files\Particles</Filter>
    </ClCompile>
    <ClCompile Include="GameObjectManager.cpp">
      <Filter>Source Files\GameObjects</Filter>
    </ClCompile>
    <ClCompile Include="EnemyManager.cpp">
      <Filter>Source Files\Enemies</Filter>
    </ClCompile>
    <ClCompile Include="Level.cpp">
      <Filter>Source Files\Level</Filter>
    </ClCompile>
    <ClCompile Include="Inventory.cpp">
      <Filter>Source Files\Player\Components</Filter>
    </ClCompile>
    <ClCompile Include="Sprite.cpp">
      <Filter>Source Files\Player\Components</Filter>
    </ClCompile>
    <ClCompile Include="Game.cpp">
      <Filter>Source Files\Game</Filter>
    </ClCompile>
    <ClCompile Include="Camera.cpp">
      <Filter>Source Files\Camera</Filter>
    </ClCompile>
    <ClCompile Include="Guma.cpp">
      <Filter>Source Files\Enemies</Filter>
    </ClCompile>
    <ClCompile Include="XPManager.cpp">
      <Filter>Source Files\XPManager</Filter>
    </ClCompile>
    <ClCompile Include="XPBag.cpp">
      <Filter>Source Files\GameObjects</Filter>
    </ClCompile>
    <ClCompile Include="Fairy.cpp">
      <Filter>Source Files\GameObjects</Filter>
    </ClCompile>
    <ClCompile Include="Hud.cpp">
      <Filter>Source Files\Hud</Filter>
    </ClCompile>
    <ClCompile Include="ColorTwitch.cpp">
      <Filter>Source Files\Hud</Filter>
    </ClCompile>
    <ClCompile Include="DeathScreen.cpp">
      <Filter>Source Files\Hud</Filter>
    </ClCompile>
    <ClCompile Include="InventoryHUD.cpp">
      <Filter>Source Files\Hud</Filter>
    </ClCompile>
    <ClCompile Include="TitleScreen.cpp">
      <Filter>Source Files\Hud</Filter>
    </ClCompile>
    <ClCompile Include="XPParticle.cpp">
      <Filter>Source Files\Particles</Filter>
    </ClCompile>
    <ClCompile Include="Horsehead.cpp">
      <Filter>Source Files\Enemies</Filter>
    </ClCompile>
    <ClCompile Include="HorseheadHUD.cpp">
      <Filter>Source Files\Hud</Filter>
    </ClCompile>
    <ClCompile Include="BossKey.cpp">
      <Filter>Source Files\GameObjects</Filter>
    </ClCompile>
    <ClCompile Include="MainMenu.cpp">
      <Filter>Source Files\Hud</Filter>
    </ClCompile>
    <ClCompile Include="LoadGame.cpp">
      <Filter>Source Files\Save/Load</Filter>
    </ClCompile>
    <ClCompile Include="SaveGame.cpp">
      <Filter>Source Files\Save/Load</Filter>
    </ClCompile>
    <ClCompile Include="SoundEffectManager.cpp">
      <Filter>Source Files\Sounds</Filter>
    </ClCompile>
    <ClCompile Include="SaveMenu.cpp">
      <Filter>Source Files\Hud</Filter>
    </ClCompile>
    <ClCompile Include="GemStatue.cpp">
      <Filter>Source Files\GameObjects</Filter>
    </ClCompile>
    <ClCompile Include="Credits.cpp">
      <Filter>Source Files\Credits</Filter>
    </ClCompile>
  </ItemGroup>
  <ItemGroup>
    <ClInclude Include="pch.h">
      <Filter>Header Files</Filter>
    </ClInclude>
    <ClInclude Include="Core.h">
      <Filter>Header Files</Filter>
    </ClInclude>
    <ClInclude Include="Matrix2x3.h">
      <Filter>Header Files</Filter>
    </ClInclude>
    <ClInclude Include="SoundEffect.h">
      <Filter>Header Files</Filter>
    </ClInclude>
    <ClInclude Include="SoundStream.h">
      <Filter>Header Files</Filter>
    </ClInclude>
    <ClInclude Include="structs.h">
      <Filter>Header Files</Filter>
    </ClInclude>
    <ClInclude Include="SVGParser.h">
      <Filter>Header Files</Filter>
    </ClInclude>
    <ClInclude Include="Texture.h">
      <Filter>Header Files</Filter>
    </ClInclude>
    <ClInclude Include="utils.h">
      <Filter>Header Files</Filter>
    </ClInclude>
    <ClInclude Include="Vector2f.h">
      <Filter>Header Files</Filter>
    </ClInclude>
    <ClInclude Include="Wosu.h">
      <Filter>Source Files\Enemies</Filter>
    </ClInclude>
    <ClInclude Include="Stalfos.h">
      <Filter>Source Files\Enemies</Filter>
    </ClInclude>
    <ClInclude Include="IronKnuckle.h">
      <Filter>Source Files\Enemies</Filter>
    </ClInclude>
    <ClInclude Include="Enemy.h">
      <Filter>Source Files\Enemies</Filter>
    </ClInclude>
    <ClInclude Include="Bubble.h">
      <Filter>Source Files\Enemies</Filter>
    </ClInclude>
    <ClInclude Include="Bot.h">
      <Filter>Source Files\Enemies</Filter>
    </ClInclude>
    <ClInclude Include="LevelLoader.h">
      <Filter>Source Files\Level</Filter>
    </ClInclude>
    <ClInclude Include="IronKnuckleSword.h">
      <Filter>Source Files\Enemies\Components</Filter>
    </ClInclude>
    <ClInclude Include="Avatar.h">
      <Filter>Source Files\Player</Filter>
    </ClInclude>
    <ClInclude Include="SwordBeam.h">
      <Filter>Source Files\Player</Filter>
    </ClInclude>
    <ClInclude Include="GameObject.h">
      <Filter>Source Files\GameObjects</Filter>
    </ClInclude>
    <ClInclude Include="FallingFloor.h">
      <Filter>Source Files\GameObjects</Filter>
    </ClInclude>
    <ClInclude Include="Elevator.h">
      <Filter>Source Files\GameObjects</Filter>
    </ClInclude>
    <ClInclude Include="Door.h">
      <Filter>Source Files\GameObjects</Filter>
    </ClInclude>
    <ClInclude Include="Particle.h">
      <Filter>Source Files\Particles</Filter>
    </ClInclude>
    <ClInclude Include="ParticleManager.h">
      <Filter>Source Files\Particles</Filter>
    </ClInclude>
    <ClInclude Include="GameObjectManager.h">
      <Filter>Source Files\GameObjects</Filter>
    </ClInclude>
    <ClInclude Include="EnemyManager.h">
      <Filter>Source Files\Enemies</Filter>
    </ClInclude>
    <ClInclude Include="Level.h">
      <Filter>Source Files\Level</Filter>
    </ClInclude>
    <ClInclude Include="Inventory.h">
      <Filter>Source Files\Player\Components</Filter>
    </ClInclude>
    <ClInclude Include="Sprite.h">
      <Filter>Source Files\Player\Components</Filter>
    </ClInclude>
    <ClInclude Include="enums.h">
      <Filter>Source Files\DataTypes</Filter>
    </ClInclude>
    <ClInclude Include="Game.h">
      <Filter>Source Files\Game</Filter>
    </ClInclude>
    <ClInclude Include="Camera.h">
      <Filter>Source Files\Camera</Filter>
    </ClInclude>
    <ClInclude Include="Guma.h">
      <Filter>Source Files\Enemies</Filter>
    </ClInclude>
    <ClInclude Include="XPManager.h">
      <Filter>Source Files\XPManager</Filter>
    </ClInclude>
    <ClInclude Include="XPBag.h">
      <Filter>Source Files\GameObjects</Filter>
    </ClInclude>
    <ClInclude Include="Fairy.h">
      <Filter>Source Files\GameObjects</Filter>
    </ClInclude>
    <ClInclude Include="Hud.h">
      <Filter>Source Files\Hud</Filter>
    </ClInclude>
    <ClInclude Include="ColorTwitch.h">
      <Filter>Source Files\Hud</Filter>
    </ClInclude>
    <ClInclude Include="DeathScreen.h">
      <Filter>Source Files\Hud</Filter>
    </ClInclude>
    <ClInclude Include="TitleScreen.h">
      <Filter>Source Files\Hud</Filter>
    </ClInclude>
    <ClInclude Include="InventoryHUD.h">
      <Filter>Source Files\Hud</Filter>
    </ClInclude>
    <ClInclude Include="XPParticle.h">
      <Filter>Source Files\Particles</Filter>
    </ClInclude>
    <ClInclude Include="Horsehead.h">
      <Filter>Source Files\Enemies</Filter>
    </ClInclude>
    <ClInclude Include="HorseheadHUD.h">
      <Filter>Source Files\Hud</Filter>
    </ClInclude>
    <ClInclude Include="BossKey.h">
      <Filter>Source Files\GameObjects</Filter>
    </ClInclude>
    <ClInclude Include="MainMenu.h">
      <Filter>Source Files\Hud</Filter>
    </ClInclude>
    <ClInclude Include="LoadGame.h">
      <Filter>Source Files\Save/Load</Filter>
    </ClInclude>
    <ClInclude Include="SaveGame.h">
      <Filter>Source Files\Save/Load</Filter>
    </ClInclude>
    <ClInclude Include="SoundEffectManager.h">
      <Filter>Source Files\Sounds</Filter>
    </ClInclude>
    <ClInclude Include="SaveMenu.h">
      <Filter>Source Files\Hud</Filter>
    </ClInclude>
    <ClInclude Include="GemStatue.h">
      <Filter>Source Files\GameObjects</Filter>
    </ClInclude>
    <ClInclude Include="Credits.h">
      <Filter>Source Files\Credits</Filter>
    </ClInclude>
  </ItemGroup>
  <ItemGroup>
    <None Include="DeKeukelaere_Sander_ZeldaIITheAdventureOfLink.xlsx">
      <Filter>Resource Files</Filter>
    </None>
  </ItemGroup>
</Project>